{
  "projects": [
    {
      "projectId": "gLnoj82AzKVVT7qXiqAbHD",
      "version": "2.9.0",
      "dependencies": {},
      "lang": "ts",
      "fileLocks": [
        {
          "assetId": "gLnoj82AzKVVT7qXiqAbHD",
          "type": "projectCss",
          "checksum": "e1ec850476829c38b0f9b6d4f7ac446a"
        },
        {
          "type": "renderModule",
          "assetId": "lBHNzts6tFyj",
          "checksum": "1e6739f25873cd0bdd24b30bfe2ead37"
        },
        {
          "type": "cssRules",
          "assetId": "lBHNzts6tFyj",
          "checksum": "1e6739f25873cd0bdd24b30bfe2ead37"
        },
        {
          "type": "icon",
          "assetId": "zq2s7N0xWucT",
          "checksum": "61b12414624174db4cd2e3e683119fcb"
        },
        {
          "type": "icon",
          "assetId": "8K40faRNhuCj",
          "checksum": "4fedd32cd8730884585d804464a39318"
        }
      ],
      "codegenVersion": "0.0.1"
    },
    {
      "projectId": "itBdcjth19Wasd6ngAYxWR",
      "version": "1.22.0",
      "dependencies": {},
      "lang": "ts",
      "fileLocks": [
        {
          "assetId": "itBdcjth19Wasd6ngAYxWR",
          "type": "projectCss",
          "checksum": "6ce788a9e106659487c03ae968b965c3"
        }
      ],
      "codegenVersion": "0.0.1"
    },
    {
      "projectId": "i3z63WaCLuRiSZRBwZC8d1",
      "version": "6.15.0",
      "dependencies": {},
      "lang": "ts",
      "fileLocks": [
        {
          "assetId": "i3z63WaCLuRiSZRBwZC8d1",
          "type": "projectCss",
          "checksum": "e1ec850476829c38b0f9b6d4f7ac446a"
        },
        {
          "assetId": "i3z63WaCLuRiSZRBwZC8d1",
          "checksum": "2231a02fc246352d0dd609a63e28d8fb",
          "type": "globalContexts"
        }
      ],
      "codegenVersion": "0.0.1"
    },
    {
      "projectId": "xp1p7dmg329XVLHyuEUxD2",
      "version": "11.30.0",
      "dependencies": {},
      "lang": "ts",
      "fileLocks": [
        {
          "assetId": "xp1p7dmg329XVLHyuEUxD2",
          "type": "projectCss",
          "checksum": "1b891cf9539f1db972dc4163ae1172e9"
        }
      ],
      "codegenVersion": "0.0.1"
    },
    {
      "projectId": "YUiM7yqBWAqsh8KSnrdj7",
      "version": "0.27.0",
      "dependencies": {},
      "lang": "ts",
      "fileLocks": [
        {
          "assetId": "YUiM7yqBWAqsh8KSnrdj7",
          "type": "projectCss",
          "checksum": "dac72600b04b6e6a3014e82512a15fe1"
        }
      ],
      "codegenVersion": "0.0.1"
    },
    {
      "projectId": "hjKYmYi6HMwK6TRyk7ew5R",
      "version": "6.37.0",
      "dependencies": {},
      "lang": "ts",
      "fileLocks": [
        {
          "assetId": "hjKYmYi6HMwK6TRyk7ew5R",
          "type": "projectCss",
          "checksum": "e76cee85e96cb3fff580d5552a47cfe4"
        },
        {
          "assetId": "hjKYmYi6HMwK6TRyk7ew5R",
          "checksum": "ce1c1c4c2068f2505d175a1b6e17d26a",
          "type": "globalContexts"
        }
      ],
      "codegenVersion": "0.0.1"
    },
    {
      "projectId": "GTgVzsUHzMuCMexkxJk8C",
      "version": "1.27.0",
      "dependencies": {},
      "lang": "ts",
      "fileLocks": [
        {
          "assetId": "GTgVzsUHzMuCMexkxJk8C",
          "type": "projectCss",
          "checksum": "512ff26de67a0d5e4509540dfa8f5a2e"
        },
        {
          "assetId": "GTgVzsUHzMuCMexkxJk8C",
          "checksum": "9f88313ec3cbd39872b362e1374adab1",
          "type": "globalContexts"
        }
      ],
      "codegenVersion": "0.0.1"
    },
    {
      "projectId": "k6BnBuAUepzRX8Qs2WvkKs",
      "version": "0.3.0",
      "dependencies": {},
      "lang": "ts",
      "fileLocks": [
        {
          "assetId": "k6BnBuAUepzRX8Qs2WvkKs",
          "type": "projectCss",
          "checksum": "e1ec850476829c38b0f9b6d4f7ac446a"
        }
      ],
      "codegenVersion": "0.0.1"
    },
    {
      "projectId": "pnayxrZQDQNLaMhqWY9Kua",
      "version": "1.26.0",
      "dependencies": {},
      "lang": "ts",
      "fileLocks": [
        {
          "assetId": "pnayxrZQDQNLaMhqWY9Kua",
          "type": "projectCss",
          "checksum": "e1ec850476829c38b0f9b6d4f7ac446a"
        },
        {
          "assetId": "pnayxrZQDQNLaMhqWY9Kua",
          "checksum": "7b69a67afb8d3aa9d3b2ec90d4f17197",
          "type": "globalContexts"
        }
      ],
      "codegenVersion": "0.0.1"
    },
    {
      "projectId": "vqeFwpZFQ6buChy6T9PGwQ",
      "version": "0.7.0",
      "dependencies": {},
      "lang": "ts",
      "fileLocks": [
        {
          "assetId": "vqeFwpZFQ6buChy6T9PGwQ",
          "type": "projectCss",
          "checksum": "e1ec850476829c38b0f9b6d4f7ac446a"
        }
      ],
      "codegenVersion": "0.0.1"
    },
    {
      "projectId": "enk3K4vZ6pmH6kVCoZJXGn",
      "version": "4.21.0",
      "dependencies": {},
      "lang": "ts",
      "fileLocks": [
        {
          "assetId": "enk3K4vZ6pmH6kVCoZJXGn",
          "type": "projectCss",
          "checksum": "46129a8140f7bf604dec903e19777f53"
        }
      ],
      "codegenVersion": "0.0.1"
    },
    {
      "projectId": "caTPwKxj5ZrD9LQ7DMdK4Z",
      "version": "3.34.0",
      "dependencies": {},
      "lang": "ts",
      "fileLocks": [
        {
          "assetId": "caTPwKxj5ZrD9LQ7DMdK4Z",
          "type": "projectCss",
          "checksum": "e1ec850476829c38b0f9b6d4f7ac446a"
        }
      ],
      "codegenVersion": "0.0.1"
    },
    {
      "projectId": "sqPBLwEBBKHA2WDuGb17eV",
      "version": "0.9.0",
      "dependencies": {},
      "lang": "ts",
      "fileLocks": [
        {
          "assetId": "sqPBLwEBBKHA2WDuGb17eV",
          "type": "projectCss",
          "checksum": "e1ec850476829c38b0f9b6d4f7ac446a"
        },
        {
          "type": "renderModule",
          "assetId": "5nirPCGmCnRD",
          "checksum": "af91f4d2aa2f74dcdcb2ea82fca236a0"
        },
        {
          "type": "cssRules",
          "assetId": "5nirPCGmCnRD",
          "checksum": "af91f4d2aa2f74dcdcb2ea82fca236a0"
        },
        {
          "type": "icon",
          "assetId": "Wyt3GMMsLefj",
          "checksum": "d8c88f04735c43b3f7790b0889d20e0c"
        },
        {
          "type": "icon",
          "assetId": "MbDRsJU0e3bw",
          "checksum": "92672aa6935120ebaac11939d8d127bb"
        }
      ],
      "codegenVersion": "0.0.1"
    },
    {
      "projectId": "9Vr5YWkf3w7jj6SsTcCEta",
      "version": "0.8.0",
      "dependencies": {},
      "lang": "ts",
      "fileLocks": [
        {
          "assetId": "9Vr5YWkf3w7jj6SsTcCEta",
          "type": "projectCss",
          "checksum": "e1ec850476829c38b0f9b6d4f7ac446a"
        }
      ],
      "codegenVersion": "0.0.1"
    },
    {
      "projectId": "7nJ7UcFmq9UzB6eXfC5z4a",
      "version": "0.26.0",
      "dependencies": {},
      "lang": "ts",
      "fileLocks": [
        {
          "assetId": "7nJ7UcFmq9UzB6eXfC5z4a",
          "type": "projectCss",
          "checksum": "05587b57f22f0ec8bb54543deb39762e"
        }
      ],
      "codegenVersion": "0.0.1"
    },
    {
      "projectId": "jkU633o1Cz7HrJdwdxhVHk",
      "version": "16.7.0",
      "dependencies": {},
      "lang": "ts",
      "fileLocks": [
        {
          "assetId": "jkU633o1Cz7HrJdwdxhVHk",
          "type": "projectCss",
          "checksum": "0581d4378bb1604bb5fe3f65bb0a37de"
        }
      ],
      "codegenVersion": "0.0.1"
    },
    {
      "projectId": "ohDidvG9XsCeFumugENU3J",
      "version": "6.20.0",
      "dependencies": {},
      "lang": "ts",
      "fileLocks": [
        {
          "assetId": "ohDidvG9XsCeFumugENU3J",
          "type": "projectCss",
          "checksum": "fd83b730367fdbde2c69bc6cf31c2a3c"
        },
        {
          "assetId": "ohDidvG9XsCeFumugENU3J",
          "checksum": "de0a0e65174a6a185a8f822af51c6bdd",
          "type": "globalContexts"
        }
      ],
      "codegenVersion": "0.0.1"
    },
    {
      "projectId": "rXnSEQkb737qyHw1C9ru8K",
      "version": "latest",
      "dependencies": {
        "ohDidvG9XsCeFumugENU3J": "6.20.0",
        "jkU633o1Cz7HrJdwdxhVHk": "16.7.0",
        "7nJ7UcFmq9UzB6eXfC5z4a": "0.26.0",
        "9Vr5YWkf3w7jj6SsTcCEta": "0.8.0",
        "sqPBLwEBBKHA2WDuGb17eV": "0.9.0",
        "caTPwKxj5ZrD9LQ7DMdK4Z": "3.34.0",
        "enk3K4vZ6pmH6kVCoZJXGn": "4.21.0",
        "vqeFwpZFQ6buChy6T9PGwQ": "0.7.0",
        "pnayxrZQDQNLaMhqWY9Kua": "1.26.0",
        "k6BnBuAUepzRX8Qs2WvkKs": "0.3.0",
        "GTgVzsUHzMuCMexkxJk8C": "1.27.0",
        "hjKYmYi6HMwK6TRyk7ew5R": "6.37.0",
        "YUiM7yqBWAqsh8KSnrdj7": "0.27.0",
        "xp1p7dmg329XVLHyuEUxD2": "11.30.0",
        "i3z63WaCLuRiSZRBwZC8d1": "6.15.0",
        "itBdcjth19Wasd6ngAYxWR": "1.22.0",
        "gLnoj82AzKVVT7qXiqAbHD": "2.9.0"
      },
      "lang": "ts",
      "fileLocks": [
        {
          "type": "globalVariant",
          "assetId": "LZza-KmrDu_V",
          "checksum": "9a79f62d3ae909f614300918f337ffdb"
        },
        {
          "assetId": "rXnSEQkb737qyHw1C9ru8K",
          "type": "projectCss",
          "checksum": "612f6986d9db512187ef94584ac61564"
        },
        {
          "assetId": "rXnSEQkb737qyHw1C9ru8K",
          "checksum": "1dd6225bb3a031f32b5bd4501b91c24c",
          "type": "globalContexts"
        },
        {
          "type": "renderModule",
          "assetId": "SC1IsDeqrDQS",
          "checksum": "b5f55d30f3f392c983d4dfb6d502c628"
        },
        {
          "type": "cssRules",
          "assetId": "SC1IsDeqrDQS",
          "checksum": "b5f55d30f3f392c983d4dfb6d502c628"
        },
        {
          "type": "renderModule",
          "assetId": "UAlURoLAAh46",
          "checksum": "88a8bdd9889fd58c9f0a52529ed378d3"
        },
        {
          "type": "cssRules",
          "assetId": "UAlURoLAAh46",
          "checksum": "88a8bdd9889fd58c9f0a52529ed378d3"
        },
        {
          "type": "renderModule",
          "assetId": "owDx3L7Iyaqx",
          "checksum": "54dba46b259eceb9c90d079ba34d4c7c"
        },
        {
          "type": "cssRules",
          "assetId": "owDx3L7Iyaqx",
          "checksum": "54dba46b259eceb9c90d079ba34d4c7c"
        },
        {
          "type": "renderModule",
          "assetId": "X4MB2e9AcJNc",
          "checksum": "32c5a65047272ccb85d32b669da3dd41"
        },
        {
          "type": "cssRules",
          "assetId": "X4MB2e9AcJNc",
          "checksum": "32c5a65047272ccb85d32b669da3dd41"
        },
        {
          "type": "renderModule",
          "assetId": "NZrNBU1ITaCE",
          "checksum": "4602dc6fc56d3a1043b845d5e5bc8d06"
        },
        {
          "type": "cssRules",
          "assetId": "NZrNBU1ITaCE",
          "checksum": "4602dc6fc56d3a1043b845d5e5bc8d06"
        },
        {
          "type": "renderModule",
          "assetId": "ak1PNxJxzQTi",
          "checksum": "57df75dc5dfc272c048c8d61f92af7d6"
        },
        {
          "type": "cssRules",
          "assetId": "ak1PNxJxzQTi",
          "checksum": "57df75dc5dfc272c048c8d61f92af7d6"
        },
        {
          "type": "renderModule",
          "assetId": "aOiy0GKOXQOH",
          "checksum": "dbc352a1723d97233697859c9d01baef"
        },
        {
          "type": "cssRules",
          "assetId": "aOiy0GKOXQOH",
          "checksum": "dbc352a1723d97233697859c9d01baef"
        },
        {
          "type": "renderModule",
          "assetId": "IV3p4fHNw2Q6",
          "checksum": "d8e843a353c48d6a224310c82906c612"
        },
        {
          "type": "cssRules",
          "assetId": "IV3p4fHNw2Q6",
          "checksum": "d8e843a353c48d6a224310c82906c612"
        },
        {
          "type": "renderModule",
          "assetId": "oLBt1Cd68NfO",
          "checksum": "aeb88c23d9c175f9528d92bb0e9b0d1b"
        },
        {
          "type": "cssRules",
          "assetId": "oLBt1Cd68NfO",
          "checksum": "aeb88c23d9c175f9528d92bb0e9b0d1b"
        },
        {
          "type": "renderModule",
          "assetId": "mRk8_altAQpa",
          "checksum": "e1115e8519c8b5dd4935ba4713f69bdb"
        },
        {
          "type": "cssRules",
          "assetId": "mRk8_altAQpa",
          "checksum": "e1115e8519c8b5dd4935ba4713f69bdb"
        },
        {
          "type": "renderModule",
          "assetId": "QcDiULpEwHWQ",
          "checksum": "bbc2d88e994891f4aaf21a8101293c7b"
        },
        {
          "type": "cssRules",
          "assetId": "QcDiULpEwHWQ",
          "checksum": "bbc2d88e994891f4aaf21a8101293c7b"
        },
        {
          "type": "renderModule",
          "assetId": "6PrkKCzRawZB",
          "checksum": "71abf451e30b7fc616438a490aeabda6"
        },
        {
          "type": "cssRules",
          "assetId": "6PrkKCzRawZB",
          "checksum": "71abf451e30b7fc616438a490aeabda6"
        },
        {
          "type": "renderModule",
          "assetId": "-Eu6Snr_YzCF",
          "checksum": "363965df0a24a43c9f8c59159940ef22"
        },
        {
          "type": "cssRules",
          "assetId": "-Eu6Snr_YzCF",
          "checksum": "363965df0a24a43c9f8c59159940ef22"
        },
        {
          "type": "renderModule",
          "assetId": "NW79QQiJt004",
          "checksum": "8e1c8000e8ffa8cbc5f37a0193ddf9f5"
        },
        {
          "type": "cssRules",
          "assetId": "NW79QQiJt004",
          "checksum": "8e1c8000e8ffa8cbc5f37a0193ddf9f5"
        },
        {
          "type": "renderModule",
          "assetId": "n7JvdYF5lgb0",
          "checksum": "3286bc0508e630dc45937b8563afb21b"
        },
        {
          "type": "cssRules",
          "assetId": "n7JvdYF5lgb0",
          "checksum": "3286bc0508e630dc45937b8563afb21b"
        },
        {
          "type": "renderModule",
          "assetId": "8_53tj4obSIO",
          "checksum": "262919566b9140bb5672899a7833a1ab"
        },
        {
          "type": "cssRules",
          "assetId": "8_53tj4obSIO",
          "checksum": "262919566b9140bb5672899a7833a1ab"
        },
        {
          "type": "renderModule",
          "assetId": "Y4xDjRg39ODT",
          "checksum": "69c7b878038baeb915aa5fccd66a99bc"
        },
        {
          "type": "cssRules",
          "assetId": "Y4xDjRg39ODT",
          "checksum": "69c7b878038baeb915aa5fccd66a99bc"
        },
        {
          "type": "renderModule",
          "assetId": "WuhPsRCNGiBa",
          "checksum": "c5e6ceca3d1a5b6059a3e1fed6048c34"
        },
        {
          "type": "cssRules",
          "assetId": "WuhPsRCNGiBa",
          "checksum": "c5e6ceca3d1a5b6059a3e1fed6048c34"
        },
        {
          "type": "renderModule",
          "assetId": "MW1oDPFzncsK",
          "checksum": "76012f802aa2b9c6d1d6429689096c45"
        },
        {
          "type": "cssRules",
          "assetId": "MW1oDPFzncsK",
          "checksum": "76012f802aa2b9c6d1d6429689096c45"
        },
        {
          "type": "icon",
          "assetId": "WkkXZdQbrw3F",
          "checksum": "cfbc2676957f7954d2a744966c8a5a8c"
        },
        {
          "type": "icon",
          "assetId": "7Rfes28C5uQo",
          "checksum": "63d731be3e6e0973464e3a183b840a1b"
        },
        {
          "type": "icon",
          "assetId": "Ay6p5UhDt4_0",
          "checksum": "7591cdf0664f8b2f477199822198e0ff"
        },
        {
          "type": "icon",
          "assetId": "rULndZmTo01d",
          "checksum": "d9f984acfdc14e7488ff42db5877949e"
        },
        {
          "type": "icon",
          "assetId": "HK70AzKpGRf8",
          "checksum": "0eb7e107e2b3700028fe1426fef365e2"
        },
        {
          "type": "icon",
          "assetId": "9FrnOdt8jFdj",
          "checksum": "aa4b0d1e4347867bd79c7861a38f3c74"
        },
        {
          "type": "icon",
          "assetId": "5T1JJfBo80ib",
          "checksum": "6ee8aa35288ef993092e18c95da84343"
        },
        {
          "type": "icon",
          "assetId": "7t3rOl4cwUYJ",
          "checksum": "88d8804d9a0af04c982d12d79760cf52"
        },
        {
          "type": "icon",
          "assetId": "fSNebtGy2vdY",
          "checksum": "23de2693a01817d00a9d9ed96a71fd32"
        },
        {
          "type": "icon",
          "assetId": "loGgwFQaaIMP",
          "checksum": "0da06906bcf34552a531667a430d56e9"
        },
        {
          "type": "icon",
          "assetId": "6anHESH3vkeo",
          "checksum": "6374ef92a6ea6d72cc637b723dd3faf3"
        },
        {
          "type": "icon",
          "assetId": "PfHWadWRkB0h",
          "checksum": "8622d8476b37035573255a95085cf4d7"
        },
        {
          "type": "icon",
          "assetId": "TRD5MrzWU_BX",
          "checksum": "fd616561bf3a230145187a021ab0c2b4"
        },
        {
          "type": "icon",
          "assetId": "IeWd9MnlYaZw",
          "checksum": "ad2af238248c49f19e1d4f6d7ddecf83"
        },
        {
          "type": "icon",
          "assetId": "f4yhUPFg8pft",
          "checksum": "0c4d308d6c703479192576dcdf64094d"
        },
        {
          "type": "icon",
          "assetId": "7cz1ORG99DT9",
          "checksum": "b318765d27f299b44f1dabbfa6152073"
        },
        {
          "type": "icon",
          "assetId": "1HjppQoqySBw",
          "checksum": "464762f41e694adc21303c12fd7898c6"
        },
        {
          "type": "icon",
          "assetId": "_qYgLzyFgI1_",
          "checksum": "cda5ef36eb739a551938917c6e81ac6c"
        },
        {
          "type": "icon",
          "assetId": "ZJxHRxAiqpZg",
          "checksum": "e74e1213877e5dd13e81dd5d2d4def0e"
        },
        {
          "type": "icon",
          "assetId": "KT1OJoiJZ5i7",
          "checksum": "f1810c35887cbcc3b19f1fc4ebe26ed1"
        },
        {
          "type": "icon",
          "assetId": "UYesmtCbbGFC",
          "checksum": "9f29c4fc366d2d518ac0db6f66675b1f"
        },
        {
          "type": "icon",
          "assetId": "so8Dw4YKttIw",
          "checksum": "8238e10593a7d5ff95b1ef03189d1203"
        },
        {
          "type": "icon",
          "assetId": "epPwHjeo8CMi",
          "checksum": "f102661e0497df650bd6803e0aa85fdf"
        },
        {
          "type": "icon",
          "assetId": "0TQjxtrcbepS",
          "checksum": "c4b023dba814927b48bdc5c98c15bd1a"
        },
        {
          "type": "icon",
          "assetId": "bDbRbbiB2qWP",
          "checksum": "ecd25bf5f897da122f3286a75a05798d"
        },
        {
          "type": "icon",
          "assetId": "oejDjLS6_jdT",
          "checksum": "b6af28ed07aebd00d614e8c982a7ad44"
        },
        {
          "type": "icon",
          "assetId": "Ci17rCXQxD-5",
          "checksum": "99269dbf5a8e1a7dc6b5ef2cfc3714df"
        },
        {
          "type": "icon",
          "assetId": "wLbhZcokqmyq",
          "checksum": "ba5577e2e5880535bfd7df68a863719a"
        },
        {
          "type": "image",
          "assetId": "kkC-Cx_-bjmw",
          "checksum": "2100e8a83ada48631fff6fdccc35fea6"
        },
        {
          "type": "image",
          "assetId": "gDdbZx8ITR_y",
          "checksum": "2baa142f200eb4d80e50b9c22b40e143"
        },
        {
          "type": "image",
          "assetId": "JhZKTak5Dm-v",
          "checksum": "bb8fe418c7c27f64fb84d4f63b6f4c51"
        },
        {
          "type": "image",
          "assetId": "2k8iX_pnuOgw",
          "checksum": "607878df91bfb5d813e1ecb0e08c9e6c"
        },
        {
          "type": "image",
          "assetId": "YcJH49DuiRkO",
          "checksum": "b97d8e5a7b6c2470d476d2a7e456f727"
        },
        {
          "type": "image",
          "assetId": "YZNmhOy-0gVj",
          "checksum": "e7b352bc58a8b3c3750d4eb11d572299"
        },
        {
          "type": "image",
          "assetId": "GAs-e1YtIB-h",
          "checksum": "e5e6614026e116206d57055021fa0e2b"
        },
        {
          "type": "image",
          "assetId": "AESCIKQodmyo",
          "checksum": "74b1255aaf17af53b414a0988c158a4b"
        },
        {
          "type": "image",
          "assetId": "ieOMYB0FCDq8",
          "checksum": "eb48c839b33659c6487e7616c6472317"
        },
        {
          "type": "image",
          "assetId": "fIWLh7OBnPAu",
          "checksum": "e669c9fcaf5c4b1c01a3048d57b94b24"
        },
        {
          "type": "image",
          "assetId": "w10DoeQCzRBq",
          "checksum": "d75672b53919430820c99ef990e7df7e"
        },
        {
          "type": "image",
          "assetId": "YUZsd3WWEwX-",
          "checksum": "c458bdae5a78e5a41f7ff61dbd606894"
        },
        {
          "type": "image",
          "assetId": "D1zuZRFUO7mi",
          "checksum": "34b8bf03b1355cee95df6d6c905dca45"
        },
        {
          "type": "image",
          "assetId": "Isiv30fqlVpl",
          "checksum": "daab10db93fb1065e369737a117af156"
        },
        {
          "type": "image",
          "assetId": "NykEw6yc7jsA",
          "checksum": "c507f9f849825cb97511934c737828a7"
        },
        {
          "type": "image",
          "assetId": "5XMauXlBNCrE",
          "checksum": "74c95d3e8675e9fd770f38dd3aa2494b"
        },
        {
          "type": "image",
          "assetId": "zdauV6p7a8Rf",
          "checksum": "3ec2c3f7f3f20ed86cb7de906e381b19"
        },
        {
          "type": "image",
          "assetId": "BuhblAAQGznU",
          "checksum": "0f335e60b0bd0eebce6c417a253a8f65"
        },
        {
          "type": "image",
          "assetId": "PdAihqvGmjdy",
          "checksum": "558d612322d651792e9b424eee6afa50"
        },
        {
          "type": "image",
          "assetId": "xMRgnABZgdRc",
          "checksum": "7baaa7f022c15191f3d660d0bb1a7569"
        },
        {
          "type": "image",
          "assetId": "z7aEmPhV0gDN",
          "checksum": "87e47a8d946dbf6c8e14727328fee0d7"
        },
        {
          "type": "image",
          "assetId": "PakO_Qh8vWf9",
          "checksum": "5243f90a7e26818dd26466ba88bf055d"
        },
        {
          "type": "image",
          "assetId": "weCTPIgRvWOc",
          "checksum": "e382db263bdb2ce5b669c45896b7c12d"
        },
        {
          "type": "image",
          "assetId": "ZAgnJwtW1Z52",
          "checksum": "7e94225dda08650ace951b1d158924aa"
        },
        {
          "type": "image",
          "assetId": "2L626gnQ-Jbw",
          "checksum": "a3ae593797d5157ee72011918a672c92"
        },
        {
          "type": "image",
          "assetId": "XGbl9uxsqFty",
          "checksum": "6e6b31da72cbf1e6efe1e534054ec77b"
        },
        {
          "type": "image",
          "assetId": "OgsrsZoy5tso",
          "checksum": "07fd33d29e71a1766b1f9527a7fd03da"
        },
        {
          "type": "image",
          "assetId": "zq0pqyXKMlqd",
          "checksum": "b7ac6dee29d4a56ee7c64c40d1d2e47d"
        },
        {
          "type": "image",
          "assetId": "uSL0pvJspS0p",
          "checksum": "ed83ca6540835f92739b343f10da5fdc"
        },
        {
          "type": "image",
          "assetId": "Mgpwnawf6lg0",
          "checksum": "f315c3fd2b13fbc7199f3d4fdfde0808"
        },
        {
          "type": "image",
          "assetId": "6YRBjXHMrSWb",
          "checksum": "10d32fe4fcee7d3df5682118f5e4521b"
        },
        {
          "type": "image",
          "assetId": "rCJcXT0qsZzd",
          "checksum": "e1c9181fc604df745c77b63c29bc8903"
        },
        {
          "type": "image",
          "assetId": "e6zSjIWlgyg-",
          "checksum": "2b8aa72b91193bd441332f3b942bae10"
        },
        {
          "type": "image",
          "assetId": "DPUbQBSFxgQg",
          "checksum": "d321b89d7f48eedf0c2f304b30624e72"
        },
        {
          "type": "image",
          "assetId": "MegqHiPqCztd",
          "checksum": "8ffa0914bfbfb0e4df18aa2648b52568"
        },
        {
          "type": "image",
          "assetId": "c-f3412JVpGq",
          "checksum": "a569701d7ba0f9af40dc50cc9e884535"
        },
        {
          "type": "image",
          "assetId": "gYMeXY4epTlJ",
          "checksum": "5547d477662a6033320eb48af0350942"
        },
        {
          "type": "image",
          "assetId": "EEBoz6RZfeqX",
          "checksum": "a20d5ec55463717dd64e7abedc8bb5f2"
        },
        {
          "type": "image",
          "assetId": "uwl6Z9L8zcMg",
          "checksum": "4b1a54d99c51fd4296e3dc72bf95fce1"
        },
        {
          "type": "image",
          "assetId": "T6MN3c_EvuAq",
          "checksum": "775b4d57cc98ef3085dbbdcad049b7b1"
        },
        {
          "type": "image",
          "assetId": "e6niH0bKaeOW",
          "checksum": "f3b529705185970d452ac8d9ee80b1d8"
        },
        {
          "type": "image",
          "assetId": "wbC2sWIRVI-9",
          "checksum": "4cc6a6b6c79da3c5343db81ff903ecc8"
        },
        {
          "type": "image",
          "assetId": "ImttudISVddM",
          "checksum": "d24531abe71ff375d2275bc6827a7202"
        },
        {
          "type": "image",
          "assetId": "vDNerKGkpGoj",
          "checksum": "84fceaf0cf61cbaac43197f08e6b8d7f"
        },
        {
          "type": "image",
          "assetId": "7WcJIPKwMBvF",
          "checksum": "e4815bdb534f6877763961471379e974"
        },
        {
          "type": "image",
          "assetId": "0d9gHz8N-5cr",
          "checksum": "affc4a5a9ba7a899076e777449ecdc73"
        },
        {
          "type": "image",
          "assetId": "z5V_mVbsPWnA",
          "checksum": "a81b2c784ab97070a1bb5d65a0ce6f8c"
        },
        {
          "type": "image",
          "assetId": "ims4UxyXCFiO",
          "checksum": "4f8ca688cea213ca47c74fc4bdf8e7e5"
        },
        {
          "type": "image",
          "assetId": "T7k7xbSd1NPd",
          "checksum": "102b6c89ab41f04f088ab0e34a79718d"
        },
        {
          "type": "image",
          "assetId": "V4HZX9qjUnTn",
          "checksum": "72700c25b40ed4ce7d650c47d805d536"
        },
        {
          "type": "image",
          "assetId": "DgsTDQhAEQpT",
          "checksum": "e2c0891490fed568a5c23f5734fbe42b"
        },
        {
          "type": "image",
          "assetId": "69G4airYAqCx",
          "checksum": "549c37e979f76781f0b074da90f37637"
        },
        {
          "type": "image",
          "assetId": "yBcjUGuXUEia",
          "checksum": "227ed93f91bc3035c364a0c788a31732"
        },
        {
          "type": "image",
          "assetId": "YTAQsLacBxNR",
          "checksum": "3ba24a587a8309546ee86313dd266ebd"
        }
      ],
      "codegenVersion": "0.0.1"
    }
  ],
  "cliVersion": "0.1.327"
}
